
Microsoft Visual Studio Solution File, Format Version 10.00
# Visual Studio 2008
Project("{FAE04EC0-301F-11D3-BF4B-00C04F79EFBC}") = "ETECHPOS", "ETECHPOS\ETECHPOS.csproj", "{9C655C86-7814-4E73-8604-CEE22CC95AA9}"
EndProject
Global
	GlobalSection(SolutionConfigurationPlatforms) = preSolution
		Debug|Any CPU = Debug|Any CPU
		Release|Any CPU = Release|Any CPU
	EndGlobalSection
	GlobalSection(ProjectConfigurationPlatforms) = postSolution
		{9C655C86-7814-4E73-8604-CEE22CC95AA9}.Debug|Any CPU.ActiveCfg = Debug|Any CPU
		{9C655C86-7814-4E73-8604-CEE22CC95AA9}.Debug|Any CPU.Build.0 = Debug|Any CPU
		{9C655C86-7814-4E73-8604-CEE22CC95AA9}.Release|Any CPU.ActiveCfg = Release|Any CPU
		{9C655C86-7814-4E73-8604-CEE22CC95AA9}.Release|Any CPU.Build.0 = Release|Any CPU
	EndGlobalSection
	GlobalSection(SolutionProperties) = preSolution
		HideSolutionNode = FALSE
	EndGlobalSection
EndGlobal
